github.com/gorilla/mux v1.8.1 h1:TuBL49tXwgrFYWhqrNgrUNEY92u81SPhu7sTdzQEiWY=
github.com/gorilla/mux v1.8.1/go.mod h1:AKf9I4AEqPTmMytcMc0KkNouC66V3BtZ4qD5fmWSiMQ=
github.com/kortemy/elo-go v0.0.0-20190919090953-f9d3a99fd7b7 h1:YO2DdWcOul202/Edg25+0UiaNVHlRZ7WqFnX+puMgU8=
github.com/kortemy/elo-go v0.0.0-20190919090953-f9d3a99fd7b7/go.mod h1:Pi35FbRrNBv88hpvOtE9oBE8NbWUY/wV+rTMJ6sb6y4=
